version: '2'

services:
  gasp:
    extends:
      file: docker-compose.tmpl.yml
      service: gasp-base-mainnet

  gasp-testnet:
    extends:
      file: docker-compose.tmpl.yml
      service: gasp-base-testnet

  aspire:
    extends:
      file: docker-compose.tmpl.yml
      service: aspire-base-mainnet
    links:
      - gasp

  aspire-testnet:
    extends:
      file: docker-compose.tmpl.yml
      service: aspire-base-testnet
    links:
      - gasp-testnet

  mongodb:
    extends:
      file: docker-compose.tmpl.yml
      service: mongodb-base

  redis:
    extends:
      file: docker-compose.tmpl.yml
      service: redis-base

  aspireblock:
    extends:
      file: docker-compose.tmpl.yml
      service: aspireblock-base-mainnet
    links:
      - gasp
      - aspire
      - mongodb
      - redis

  aspireblock-testnet:
    extends:
      file: docker-compose.tmpl.yml
      service: aspireblock-base-testnet
    links:
      - gasp-testnet
      - aspire-testnet
      - mongodb
      - redis

volumes:
  gasp-data:
  aspire-data:
  aspireblock-data:
  mongodb-data:
